
Microsoft Visual Studio Solution File, Format Version 12.00
# Visual Studio Version 17
VisualStudioVersion = 17.10.34818.151
MinimumVisualStudioVersion = 10.0.40219.1
Project("{9A19103F-16F7-4668-BE54-9A1E7A4F7556}") = "WebApplication1", "WebApplication1\WebApplication1.csproj", "{6546B9A6-958A-40A7-888C-6CD2BB65B925}"
EndProject
Project("{9A19103F-16F7-4668-BE54-9A1E7A4F7556}") = "WaitForDependencies.AppHost", "WaitForDependencies.AppHost\WaitForDependencies.AppHost.csproj", "{D6BAF9F9-8EA3-4FB6-87C0-33FE517BBFDF}"
EndProject
Project("{2150E333-8FDC-42A3-9474-1A3956D46DE8}") = "Solution Items", "Solution Items", "{16FBBDED-E084-4EE4-B2E0-42F6383A24CA}"
	ProjectSection(SolutionItems) = preProject
		README.md = README.md
	EndProjectSection
EndProject
Project("{FAE04EC0-301F-11D3-BF4B-00C04F79EFBC}") = "ConsoleApp1", "ConsoleApp1\ConsoleApp1.csproj", "{185A2B3F-B5EE-46AB-97B5-3C3F51F73A04}"
EndProject
Project("{FAE04EC0-301F-11D3-BF4B-00C04F79EFBC}") = "WaitForDependencies.Aspire.Hosting", "WaitForDependencies.Aspire.Hosting\WaitForDependencies.Aspire.Hosting.csproj", "{4F9CB599-C4DF-4C34-80A4-9E33423FAE69}"
EndProject
Project("{9A19103F-16F7-4668-BE54-9A1E7A4F7556}") = "WebApplication2", "WebApplication2\WebApplication2.csproj", "{145730EC-2588-45E6-A475-450E62006347}"
EndProject
Project("{FAE04EC0-301F-11D3-BF4B-00C04F79EFBC}") = "ServiceDefaults1", "ServiceDefaults1\ServiceDefaults1.csproj", "{AF8A1424-3A45-4148-B652-653465DD0D78}"
EndProject
Global
	GlobalSection(SolutionConfigurationPlatforms) = preSolution
		Debug|Any CPU = Debug|Any CPU
		Release|Any CPU = Release|Any CPU
	EndGlobalSection
	GlobalSection(ProjectConfigurationPlatforms) = postSolution
		{6546B9A6-958A-40A7-888C-6CD2BB65B925}.Debug|Any CPU.ActiveCfg = Debug|Any CPU
		{6546B9A6-958A-40A7-888C-6CD2BB65B925}.Debug|Any CPU.Build.0 = Debug|Any CPU
		{6546B9A6-958A-40A7-888C-6CD2BB65B925}.Release|Any CPU.ActiveCfg = Release|Any CPU
		{6546B9A6-958A-40A7-888C-6CD2BB65B925}.Release|Any CPU.Build.0 = Release|Any CPU
		{D6BAF9F9-8EA3-4FB6-87C0-33FE517BBFDF}.Debug|Any CPU.ActiveCfg = Debug|Any CPU
		{D6BAF9F9-8EA3-4FB6-87C0-33FE517BBFDF}.Debug|Any CPU.Build.0 = Debug|Any CPU
		{D6BAF9F9-8EA3-4FB6-87C0-33FE517BBFDF}.Release|Any CPU.ActiveCfg = Release|Any CPU
		{D6BAF9F9-8EA3-4FB6-87C0-33FE517BBFDF}.Release|Any CPU.Build.0 = Release|Any CPU
		{185A2B3F-B5EE-46AB-97B5-3C3F51F73A04}.Debug|Any CPU.ActiveCfg = Debug|Any CPU
		{185A2B3F-B5EE-46AB-97B5-3C3F51F73A04}.Debug|Any CPU.Build.0 = Debug|Any CPU
		{185A2B3F-B5EE-46AB-97B5-3C3F51F73A04}.Release|Any CPU.ActiveCfg = Release|Any CPU
		{185A2B3F-B5EE-46AB-97B5-3C3F51F73A04}.Release|Any CPU.Build.0 = Release|Any CPU
		{4F9CB599-C4DF-4C34-80A4-9E33423FAE69}.Debug|Any CPU.ActiveCfg = Debug|Any CPU
		{4F9CB599-C4DF-4C34-80A4-9E33423FAE69}.Debug|Any CPU.Build.0 = Debug|Any CPU
		{4F9CB599-C4DF-4C34-80A4-9E33423FAE69}.Release|Any CPU.ActiveCfg = Release|Any CPU
		{4F9CB599-C4DF-4C34-80A4-9E33423FAE69}.Release|Any CPU.Build.0 = Release|Any CPU
		{145730EC-2588-45E6-A475-450E62006347}.Debug|Any CPU.ActiveCfg = Debug|Any CPU
		{145730EC-2588-45E6-A475-450E62006347}.Debug|Any CPU.Build.0 = Debug|Any CPU
		{145730EC-2588-45E6-A475-450E62006347}.Release|Any CPU.ActiveCfg = Release|Any CPU
		{145730EC-2588-45E6-A475-450E62006347}.Release|Any CPU.Build.0 = Release|Any CPU
		{AF8A1424-3A45-4148-B652-653465DD0D78}.Debug|Any CPU.ActiveCfg = Debug|Any CPU
		{AF8A1424-3A45-4148-B652-653465DD0D78}.Debug|Any CPU.Build.0 = Debug|Any CPU
		{AF8A1424-3A45-4148-B652-653465DD0D78}.Release|Any CPU.ActiveCfg = Release|Any CPU
		{AF8A1424-3A45-4148-B652-653465DD0D78}.Release|Any CPU.Build.0 = Release|Any CPU
	EndGlobalSection
	GlobalSection(SolutionProperties) = preSolution
		HideSolutionNode = FALSE
	EndGlobalSection
	GlobalSection(ExtensibilityGlobals) = postSolution
		SolutionGuid = {A76C066D-9B11-44BE-8BEB-EC6593B4BE1B}
	EndGlobalSection
EndGlobal
